
Microsoft Visual Studio Solution File, Format Version 12.00
# Visual Studio Version 17
VisualStudioVersion = 17.0.31919.166
MinimumVisualStudioVersion = 10.0.40219.1
Project("{FAE04EC0-301F-11D3-BF4B-00C04F79EFBC}") = "AnimaPlayBackend", "AnimaPlayBackend.csproj", "{D0E24DBC-0696-4904-B744-E8BEB64F6998}"
EndProject
Global
	GlobalSection(SolutionConfigurationPlatforms) = preSolution
		Debug|Any CPU = Debug|Any CPU
		Release|Any CPU = Release|Any CPU
	EndGlobalSection
	GlobalSection(ProjectConfigurationPlatforms) = postSolution
		{D0E24DBC-0696-4904-B744-E8BEB64F6998}.Debug|Any CPU.ActiveCfg = Debug|Any CPU
		{D0E24DBC-0696-4904-B744-E8BEB64F6998}.Debug|Any CPU.Build.0 = Debug|Any CPU
		{D0E24DBC-0696-4904-B744-E8BEB64F6998}.Release|Any CPU.ActiveCfg = Release|Any CPU
		{D0E24DBC-0696-4904-B744-E8BEB64F6998}.Release|Any CPU.Build.0 = Release|Any CPU
	EndGlobalSection
	GlobalSection(SolutionProperties) = preSolution
		HideSolutionNode = FALSE
	EndGlobalSection
	GlobalSection(ExtensibilityGlobals) = postSolution
		SolutionGuid = {10DFED5E-709A-43E1-A7FF-DDDCC9B65FFE}
	EndGlobalSection
EndGlobal
